
Microsoft Visual Studio Solution File, Format Version 12.00
# Visual Studio Version 17
VisualStudioVersion = 17.8.34330.188
MinimumVisualStudioVersion = 10.0.40219.1
Project("{FAE04EC0-301F-11D3-BF4B-00C04F79EFBC}") = "DiceRoller", "DiceRoller\DiceRoller.csproj", "{BCF89F8E-03EC-4169-8876-B3523E989EAB}"
EndProject
Global
	GlobalSection(SolutionConfigurationPlatforms) = preSolution
		Debug|Any CPU = Debug|Any CPU
		Release|Any CPU = Release|Any CPU
	EndGlobalSection
	GlobalSection(ProjectConfigurationPlatforms) = postSolution
		{BCF89F8E-03EC-4169-8876-B3523E989EAB}.Debug|Any CPU.ActiveCfg = Debug|Any CPU
		{BCF89F8E-03EC-4169-8876-B3523E989EAB}.Debug|Any CPU.Build.0 = Debug|Any CPU
		{BCF89F8E-03EC-4169-8876-B3523E989EAB}.Debug|Any CPU.Deploy.0 = Debug|Any CPU
		{BCF89F8E-03EC-4169-8876-B3523E989EAB}.Release|Any CPU.ActiveCfg = Release|Any CPU
		{BCF89F8E-03EC-4169-8876-B3523E989EAB}.Release|Any CPU.Build.0 = Release|Any CPU
		{BCF89F8E-03EC-4169-8876-B3523E989EAB}.Release|Any CPU.Deploy.0 = Release|Any CPU
	EndGlobalSection
	GlobalSection(SolutionProperties) = preSolution
		HideSolutionNode = FALSE
	EndGlobalSection
	GlobalSection(ExtensibilityGlobals) = postSolution
		SolutionGuid = {D0AE69FC-B588-4FA4-A8F0-91B17D23D49C}
	EndGlobalSection
EndGlobal
